# This file is autogenerated, do not edit; changes may be undone by the next 'dep ensure'.


[[projects]]
  branch = "master"
  digest = "1:354b8e6be029d5daf553a634e2bb5fbb21a5bef3422fd06ee71a2419a1b74dd6"
  name = "code.cloudfoundry.org/lager"
  packages = [
    ".",
    "internal/truncate",
  ]
  pruneopts = "UT"
  revision = "baf208c4c56b0a06ddec4a03c0348d072261d43a"

[[projects]]
  digest = "1:28db5956c1dd0ab7b5eb6941fa209ad66c1196aca7d3c1052f6f6c1355bd1076"
  name = "github.com/cppforlife/go-patch"
  packages = ["patch"]
  pruneopts = "UT"
  revision = "37a72c69d59809d4d5aa0b2aff033e74b8014390"

[[projects]]
  digest = "1:c79fb010be38a59d657c48c6ba1d003a8aa651fa56b579d959d74573b7dff8e1"
  name = "github.com/gorilla/context"
  packages = ["."]
  pruneopts = "UT"
  revision = "08b5f424b9271eedf6f9f0ce86cb9396ed337a42"
  version = "v1.1.1"

[[projects]]
  digest = "1:e73f5b0152105f18bc131fba127d9949305c8693f8a762588a82a48f61756f5f"
  name = "github.com/gorilla/mux"
  packages = ["."]
  pruneopts = "UT"
  revision = "e3702bed27f0d39777b0b37b664b6280e8ef8fbf"
  version = "v1.6.2"

[[projects]]
  branch = "master"
  digest = "1:0e1e5f960c58fdc677212fcc70e55042a0084d367623e51afbdb568963832f5d"
  name = "github.com/nu7hatch/gouuid"
  packages = ["."]
  pruneopts = "UT"
  revision = "179d4d0c4d8d407a32af483c2354df1d2c91e6c3"

[[projects]]
  digest = "1:a6ebe69e0a1bb54f9041a24f977a6f6d272207b24f259faadd04769bf03ebfbb"
  name = "github.com/onsi/ginkgo"
  packages = [
    ".",
    "config",
    "internal/codelocation",
    "internal/containernode",
    "internal/failer",
    "internal/leafnodes",
    "internal/remote",
    "internal/spec",
    "internal/spec_iterator",
    "internal/specrunner",
    "internal/suite",
    "internal/testingtproxy",
    "internal/writer",
    "reporters",
    "reporters/stenographer",
    "reporters/stenographer/support/go-colorable",
    "reporters/stenographer/support/go-isatty",
    "types",
  ]
  pruneopts = "UT"
  revision = "f24729c07644086231e82a4bc3a1cc2feff06e71"

[[projects]]
  digest = "1:a1bcc0df0fff4c098bd1fece0219f25b9d8e6020fdb29940b08407caed2865e9"
  name = "github.com/onsi/gomega"
  packages = [
    ".",
    "format",
    "internal/assertion",
    "internal/asyncassertion",
    "internal/oraclematcher",
    "internal/testingtsupport",
    "matchers",
    "matchers/support/goraph/bipartitegraph",
    "matchers/support/goraph/edge",
    "matchers/support/goraph/node",
    "matchers/support/goraph/util",
    "types",
  ]
  pruneopts = "UT"
  revision = "cc006d38c4d9a28fb1ee30195a7967204caf7288"

[[projects]]
  digest = "1:193d963bac71cb712afcaef3133b4402497fa55cfd93a99581554cb9b9eeefb1"
  name = "github.com/pivotal-cf/brokerapi"
  packages = [
    ".",
    "auth",
  ]
  pruneopts = "UT"
  revision = "4048f6de26b2169b7bc3063076b47964d02045eb"
  version = "v3.0.7"

[[projects]]
  digest = "1:854badb2ce3e19d6bc53a912d14579b35f3d35f9f2a32ed25aea850762be5241"
  name = "github.com/pivotal-cf/on-demand-services-sdk"
  packages = [
    "bosh",
    "serviceadapter",
  ]
  pruneopts = "UT"
  revision = "980106fb549f2e8d7fa20b7c8f998e5d30706188"
  version = "v0.24.0"

[[projects]]
  digest = "1:40e195917a951a8bf867cd05de2a46aaf1806c50cf92eebf4c16f78cd196f747"
  name = "github.com/pkg/errors"
  packages = ["."]
  pruneopts = "UT"
  revision = "645ef00459ed84a119197bfb8d8205042c6df63d"
  version = "v0.8.0"

[[projects]]
  branch = "master"
  digest = "1:068a2dc2616cf054ace5f2b6bc03e9a4a6d85e46d44480f92ec9fab07527f0ba"
  name = "github.com/tonnerre/golang-text"
  packages = ["."]
  pruneopts = "UT"
  revision = "048ed3d792f7104850acbc8cfc01e5a6070f4c04"

[[projects]]
  digest = "1:499075870f4939e64e9d93c84c5fdf9b6253ec6e89c5dcb0a69f91292d6a2b30"
  name = "golang.org/x/net"
  packages = [
    "html",
    "html/atom",
    "html/charset",
  ]
  pruneopts = "UT"
  revision = "1358eff22f0dd0c54fc521042cc607f6ff4b531a"

[[projects]]
  branch = "master"
  digest = "1:225564f71149334315118db714e1ea87513e4a11cf4acb27e26bc7577cebfa0b"
  name = "golang.org/x/sys"
  packages = ["unix"]
  pruneopts = "UT"
  revision = "0cf1ed9e522b7dbb416f080a5c8003de9b702bf4"

[[projects]]
  digest = "1:2f06ce0c5fa10ec63d11c14911cd69c16c2ba122538b61e2c1ea9484d9f57c71"
  name = "golang.org/x/text"
  packages = [
    "encoding",
    "encoding/charmap",
    "encoding/htmlindex",
    "encoding/internal",
    "encoding/internal/identifier",
    "encoding/japanese",
    "encoding/korean",
    "encoding/simplifiedchinese",
    "encoding/traditionalchinese",
    "encoding/unicode",
    "internal/gen",
    "internal/tag",
    "internal/utf8internal",
    "language",
    "runes",
    "transform",
    "unicode/cldr",
  ]
  pruneopts = "UT"
  revision = "4e9ab9ee170f2a39bd66c92b3e0a47ff47a4bc77"

[[projects]]
  digest = "1:1b4724d3c8125f6044925f02b485b74bfec9905cbf579d95aafd1a6c8f8447d3"
  name = "gopkg.in/go-playground/validator.v8"
  packages = ["."]
  pruneopts = "UT"
  revision = "5f57d2222ad794d0dffb07e664ea05e2ee07d60c"
  version = "v8.18.1"

[[projects]]
  branch = "v2"
  digest = "1:4d2e5a73dc1500038e504a8d78b986630e3626dc027bc030ba5c75da257cdb96"
  name = "gopkg.in/yaml.v2"
  packages = ["."]
  pruneopts = "UT"
  revision = "51d6538a90f86fe93ac480b35f37b2be17fef232"

[solve-meta]
  analyzer-name = "dep"
  analyzer-version = 1
  input-imports = [
    "github.com/cppforlife/go-patch/patch",
    "github.com/nu7hatch/gouuid",
    "github.com/onsi/ginkgo",
    "github.com/onsi/gomega",
    "github.com/pivotal-cf/on-demand-services-sdk/bosh",
    "github.com/pivotal-cf/on-demand-services-sdk/serviceadapter",
    "github.com/tonnerre/golang-text",
    "gopkg.in/yaml.v2",
  ]
  solver-name = "gps-cdcl"
  solver-version = 1
